<?xml version="1.0" encoding="utf-8"?>
<Project ToolsVersion="4.0" xmlns="http://schemas.microsoft.com/developer/msbuild/2003">
  <ItemGroup>
    <Filter Include="Source Files">
      <UniqueIdentifier>{4FC737F1-C7A5-4376-A066-2A32D752A2FF}</UniqueIdentifier>
      <Extensions>cpp;c;cc;cxx;def;odl;idl;hpj;bat;asm;asmx</Extensions>
    </Filter>
    <Filter Include="Header Files">
      <UniqueIdentifier>{93995380-89BD-4b04-88EB-625FBE52EBFB}</UniqueIdentifier>
      <Extensions>h;hh;hpp;hxx;hm;inl;inc;xsd</Extensions>
    </Filter>
    <Filter Include="Resource Files">
      <UniqueIdentifier>{D9D6E242-F8AF-46E4-B9FD-80ECBC20BA3E}</UniqueIdentifier>
      <Extensions>qrc;*</Extensions>
      <ParseFiles>false</ParseFiles>
    </Filter>
    <Filter Include="Form Files">
      <UniqueIdentifier>{99349809-55BA-4b9d-BF79-8FDBB0286EB3}</UniqueIdentifier>
      <Extensions>ui</Extensions>
    </Filter>
    <Filter Include="Resource Files">
      <UniqueIdentifier>{D9D6E242-F8AF-46E4-B9FD-80ECBC20BA3E}</UniqueIdentifier>
      <Extensions>qrc;*</Extensions>
      <ParseFiles>false</ParseFiles>
    </Filter>
    <Filter Include="Generated Files">
      <UniqueIdentifier>{71ED8ED8-ACB9-4CE9-BBE1-E00B30144E11}</UniqueIdentifier>
      <Extensions>moc;h;cpp</Extensions>
      <SourceControlFiles>False</SourceControlFiles>
    </Filter>
  </ItemGroup>
  <ItemGroup>
    <ClCompile Include="main.cpp">
      <Filter>Source Files</Filter>
    </ClCompile>
    <ClCompile Include="OmegaEngineEditor.cpp">
      <Filter>Source Files</Filter>
    </ClCompile>
    <ClCompile Include="GeneratedFiles\Debug\moc_OmegaEngineEditor.cpp">
      <Filter>Generated Files</Filter>
    </ClCompile>
    <ClCompile Include="GeneratedFiles\Release\moc_OmegaEngineEditor.cpp">
      <Filter>Generated Files</Filter>
    </ClCompile>
    <ClCompile Include="GeneratedFiles\qrc_OmegaEngineEditor.cpp">
      <Filter>Generated Files</Filter>
    </ClCompile>
    <ClCompile Include="EntityManager.cpp">
      <Filter>Source Files</Filter>
    </ClCompile>
    <ClCompile Include="components\acceleration.cpp">
      <Filter>Source Files</Filter>
    </ClCompile>
    <ClCompile Include="components\animation.cpp">
      <Filter>Source Files</Filter>
    </ClCompile>
    <ClCompile Include="components\collision.cpp">
      <Filter>Source Files</Filter>
    </ClCompile>
    <ClCompile Include="components\component.cpp">
      <Filter>Source Files</Filter>
    </ClCompile>
    <ClCompile Include="components\health.cpp">
      <Filter>Source Files</Filter>
    </ClCompile>
    <ClCompile Include="components\input_component.cpp">
      <Filter>Source Files</Filter>
    </ClCompile>
    <ClCompile Include="components\message_component.cpp">
      <Filter>Source Files</Filter>
    </ClCompile>
    <ClCompile Include="components\player.cpp">
      <Filter>Source Files</Filter>
    </ClCompile>
    <ClCompile Include="components\position.cpp">
      <Filter>Source Files</Filter>
    </ClCompile>
    <ClCompile Include="components\sprite.cpp">
      <Filter>Source Files</Filter>
    </ClCompile>
    <ClCompile Include="components\timer_logic.cpp">
      <Filter>Source Files</Filter>
    </ClCompile>
    <ClCompile Include="components\velocity.cpp">
      <Filter>Source Files</Filter>
    </ClCompile>
    <ClCompile Include="utility\serialisation.cpp">
      <Filter>Source Files</Filter>
    </ClCompile>
    <ClCompile Include="utility\file_log.cpp">
      <Filter>Source Files</Filter>
    </ClCompile>
    <ClCompile Include="NewEntityWin.cpp">
      <Filter>Source Files</Filter>
    </ClCompile>
    <ClCompile Include="GeneratedFiles\Debug\moc_NewEntityWin.cpp">
      <Filter>Generated Files</Filter>
    </ClCompile>
    <ClCompile Include="GeneratedFiles\Release\moc_NewEntityWin.cpp">
      <Filter>Generated Files</Filter>
    </ClCompile>
    <ClCompile Include="ListEntityWin.cpp">
      <Filter>Source Files</Filter>
    </ClCompile>
    <ClCompile Include="GeneratedFiles\Debug\moc_ListEntityWin.cpp">
      <Filter>Generated Files</Filter>
    </ClCompile>
    <ClCompile Include="GeneratedFiles\Release\moc_ListEntityWin.cpp">
      <Filter>Generated Files</Filter>
    </ClCompile>
    <ClCompile Include="SpriteManager.cpp">
      <Filter>Source Files</Filter>
    </ClCompile>
    <ClCompile Include="GeneratedFiles\Debug\moc_NewLevelWindow.cpp">
      <Filter>Generated Files</Filter>
    </ClCompile>
    <ClCompile Include="GeneratedFiles\Release\moc_NewLevelWindow.cpp">
      <Filter>Generated Files</Filter>
    </ClCompile>
    <ClCompile Include="NewLevelWindow.cpp">
      <Filter>Source Files</Filter>
    </ClCompile>
    <ClCompile Include="SpriteViewWin.cpp">
      <Filter>Source Files</Filter>
    </ClCompile>
    <ClCompile Include="GeneratedFiles\Debug\moc_SpriteViewWin.cpp">
      <Filter>Generated Files</Filter>
    </ClCompile>
    <ClCompile Include="GeneratedFiles\Release\moc_SpriteViewWin.cpp">
      <Filter>Generated Files</Filter>
    </ClCompile>
    <ClCompile Include="CustomGraphicsView.cpp">
      <Filter>Source Files</Filter>
    </ClCompile>
    <ClCompile Include="GeneratedFiles\Debug\moc_CustomGraphicsView.cpp">
      <Filter>Generated Files</Filter>
    </ClCompile>
    <ClCompile Include="GeneratedFiles\Release\moc_CustomGraphicsView.cpp">
      <Filter>Generated Files</Filter>
    </ClCompile>
    <ClCompile Include="CustomSpriteView.cpp">
      <Filter>Source Files</Filter>
    </ClCompile>
    <ClCompile Include="GeneratedFiles\Debug\moc_CustomSpriteView.cpp">
      <Filter>Generated Files</Filter>
    </ClCompile>
    <ClCompile Include="GeneratedFiles\Release\moc_CustomSpriteView.cpp">
      <Filter>Generated Files</Filter>
    </ClCompile>
    <ClCompile Include="level_manager.cpp">
      <Filter>Source Files</Filter>
    </ClCompile>
  </ItemGroup>
  <ItemGroup>
    <CustomBuild Include="OmegaEngineEditor.h">
      <Filter>Header Files</Filter>
    </CustomBuild>
    <CustomBuild Include="OmegaEngineEditor.ui">
      <Filter>Form Files</Filter>
    </CustomBuild>
    <CustomBuild Include="OmegaEngineEditor.qrc">
      <Filter>Resource Files</Filter>
    </CustomBuild>
    <CustomBuild Include="NewEntity.ui">
      <Filter>Form Files</Filter>
    </CustomBuild>
    <CustomBuild Include="EntityManager.h">
      <Filter>Header Files</Filter>
    </CustomBuild>
    <CustomBuild Include="NewEntityWin.h">
      <Filter>Header Files</Filter>
    </CustomBuild>
    <CustomBuild Include="ListEntity.ui">
      <Filter>Form Files</Filter>
    </CustomBuild>
    <CustomBuild Include="ListEntityWin.h">
      <Filter>Header Files</Filter>
    </CustomBuild>
    <CustomBuild Include="NewLevel.ui">
      <Filter>Form Files</Filter>
    </CustomBuild>
    <CustomBuild Include="NewLevelWindow.h">
      <Filter>Header Files</Filter>
    </CustomBuild>
    <CustomBuild Include="SpriteViewWin.h">
      <Filter>Header Files</Filter>
    </CustomBuild>
    <CustomBuild Include="SpriteView.ui">
      <Filter>Form Files</Filter>
    </CustomBuild>
    <CustomBuild Include="CustomGraphicsView.h">
      <Filter>Header Files</Filter>
    </CustomBuild>
    <CustomBuild Include="CustomSpriteView.h">
      <Filter>Header Files</Filter>
    </CustomBuild>
  </ItemGroup>
  <ItemGroup>
    <ClInclude Include="GeneratedFiles\ui_OmegaEngineEditor.h">
      <Filter>Generated Files</Filter>
    </ClInclude>
    <ClInclude Include="GeneratedFiles\ui_NewEntity.h">
      <Filter>Generated Files</Filter>
    </ClInclude>
    <ClInclude Include="components\acceleration.h">
      <Filter>Header Files</Filter>
    </ClInclude>
    <ClInclude Include="components\animation.h">
      <Filter>Header Files</Filter>
    </ClInclude>
    <ClInclude Include="components\collision.h">
      <Filter>Header Files</Filter>
    </ClInclude>
    <ClInclude Include="components\component.h">
      <Filter>Header Files</Filter>
    </ClInclude>
    <ClInclude Include="components\health.h">
      <Filter>Header Files</Filter>
    </ClInclude>
    <ClInclude Include="components\input_component.h">
      <Filter>Header Files</Filter>
    </ClInclude>
    <ClInclude Include="components\message_component.h">
      <Filter>Header Files</Filter>
    </ClInclude>
    <ClInclude Include="components\platform.h">
      <Filter>Header Files</Filter>
    </ClInclude>
    <ClInclude Include="components\player.h">
      <Filter>Header Files</Filter>
    </ClInclude>
    <ClInclude Include="components\position.h">
      <Filter>Header Files</Filter>
    </ClInclude>
    <ClInclude Include="components\sprite.h">
      <Filter>Header Files</Filter>
    </ClInclude>
    <ClInclude Include="components\timer_logic.h">
      <Filter>Header Files</Filter>
    </ClInclude>
    <ClInclude Include="components\velocity.h">
      <Filter>Header Files</Filter>
    </ClInclude>
    <ClInclude Include="utility\serialisation.h">
      <Filter>Header Files</Filter>
    </ClInclude>
    <ClInclude Include="entity.h">
      <Filter>Header Files</Filter>
    </ClInclude>
    <ClInclude Include="utility\file_log.h">
      <Filter>Header Files</Filter>
    </ClInclude>
    <ClInclude Include="GeneratedFiles\ui_ListEntity.h">
      <Filter>Generated Files</Filter>
    </ClInclude>
    <ClInclude Include="SpriteManager.h">
      <Filter>Header Files</Filter>
    </ClInclude>
    <ClInclude Include="GeneratedFiles\ui_NewLevel.h">
      <Filter>Generated Files</Filter>
    </ClInclude>
    <ClInclude Include="GeneratedFiles\ui_SpriteView.h">
      <Filter>Generated Files</Filter>
    </ClInclude>
    <ClInclude Include="level_manager.h">
      <Filter>Header Files</Filter>
    </ClInclude>
  </ItemGroup>
</Project>